{
  "name": "siemcraft_addon_behavior",
  "lockfileVersion": 2,
  "requires": true,
  "packages": {
    "": {
      "dependencies": {
        "@types/mojang-gametest": "^0.1.3",
        "@types/mojang-minecraft": "^0.1.3"
      }
    },
    "node_modules/@types/mojang-gametest": {
      "version": "0.1.3",
      "resolved": "https://registry.npmjs.org/@types/mojang-gametest/-/mojang-gametest-0.1.3.tgz",
      "integrity": "sha512-qQkdymiWX60g2Y4ObpUKqTCXMgWP3WIH8jr7knvmfgudZwGMs26lbZWQZBJzZtu09sPwcJZKGbuUx/sbeCLnpg==",
      "dependencies": {
        "@types/mojang-minecraft": "*"
      }
    },
    "node_modules/@types/mojang-minecraft": {
      "version": "0.1.3",
      "resolved": "https://registry.npmjs.org/@types/mojang-minecraft/-/mojang-minecraft-0.1.3.tgz",
      "integrity": "sha512-i6YWCGcAVAyyRr9mVaSvJlrnMQYXa23A4LnxI3vhpN9Osr0lx3gehu64nn1FiwpYf/JocMlattF+VePk0f3YVg=="
    }
  },
  "dependencies": {
    "@types/mojang-gametest": {
      "version": "0.1.3",
      "resolved": "https://registry.npmjs.org/@types/mojang-gametest/-/mojang-gametest-0.1.3.tgz",
      "integrity": "sha512-qQkdymiWX60g2Y4ObpUKqTCXMgWP3WIH8jr7knvmfgudZwGMs26lbZWQZBJzZtu09sPwcJZKGbuUx/sbeCLnpg==",
      "requires": {
        "@types/mojang-minecraft": "*"
      }
    },
    "@types/mojang-minecraft": {
      "version": "0.1.3",
      "resolved": "https://registry.npmjs.org/@types/mojang-minecraft/-/mojang-minecraft-0.1.3.tgz",
      "integrity": "sha512-i6YWCGcAVAyyRr9mVaSvJlrnMQYXa23A4LnxI3vhpN9Osr0lx3gehu64nn1FiwpYf/JocMlattF+VePk0f3YVg=="
    }
  }
}
